
Microsoft Visual Studio Solution File, Format Version 12.00
# Visual Studio 2013
VisualStudioVersion = 12.0.40629.0
MinimumVisualStudioVersion = 10.0.40219.1
Project("{FAE04EC0-301F-11D3-BF4B-00C04F79EFBC}") = "libTKM", "libTKM\libTKM.csproj", "{B26ED571-57FB-4A2C-B8BC-A9DE880B19C7}"
EndProject
Project("{FAE04EC0-301F-11D3-BF4B-00C04F79EFBC}") = "TKMDemoApp", "TKMDemoApp\TKMDemoApp.csproj", "{5AF015A9-569D-408A-9569-42DEACECD97C}"
EndProject
Global
	GlobalSection(SolutionConfigurationPlatforms) = preSolution
		Debug|Any CPU = Debug|Any CPU
		Release|Any CPU = Release|Any CPU
	EndGlobalSection
	GlobalSection(ProjectConfigurationPlatforms) = postSolution
		{B26ED571-57FB-4A2C-B8BC-A9DE880B19C7}.Debug|Any CPU.ActiveCfg = Debug|Any CPU
		{B26ED571-57FB-4A2C-B8BC-A9DE880B19C7}.Debug|Any CPU.Build.0 = Debug|Any CPU
		{B26ED571-57FB-4A2C-B8BC-A9DE880B19C7}.Release|Any CPU.ActiveCfg = Release|Any CPU
		{B26ED571-57FB-4A2C-B8BC-A9DE880B19C7}.Release|Any CPU.Build.0 = Release|Any CPU
		{5AF015A9-569D-408A-9569-42DEACECD97C}.Debug|Any CPU.ActiveCfg = Debug|Any CPU
		{5AF015A9-569D-408A-9569-42DEACECD97C}.Debug|Any CPU.Build.0 = Debug|Any CPU
		{5AF015A9-569D-408A-9569-42DEACECD97C}.Release|Any CPU.ActiveCfg = Release|Any CPU
		{5AF015A9-569D-408A-9569-42DEACECD97C}.Release|Any CPU.Build.0 = Release|Any CPU
	EndGlobalSection
	GlobalSection(SolutionProperties) = preSolution
		HideSolutionNode = FALSE
	EndGlobalSection
EndGlobal
